
Microsoft Visual Studio Solution File, Format Version 12.00
# Visual Studio Express 2012 for Windows Desktop
Project("{FAE04EC0-301F-11D3-BF4B-00C04F79EFBC}") = "SkillKeeper", "SkillKeeper\SkillKeeper.csproj", "{1CAF8DA4-12F1-497A-93FB-FFFC984B8DEA}"
EndProject
Project("{FAE04EC0-301F-11D3-BF4B-00C04F79EFBC}") = "Skills", "Skills\Skills.csproj", "{15AD1345-984C-48ED-AF9A-2EAB44E5AA2B}"
EndProject
Global
	GlobalSection(SolutionConfigurationPlatforms) = preSolution
		Debug|Any CPU = Debug|Any CPU
		Release|Any CPU = Release|Any CPU
	EndGlobalSection
	GlobalSection(ProjectConfigurationPlatforms) = postSolution
		{1CAF8DA4-12F1-497A-93FB-FFFC984B8DEA}.Debug|Any CPU.ActiveCfg = Debug|Any CPU
		{1CAF8DA4-12F1-497A-93FB-FFFC984B8DEA}.Debug|Any CPU.Build.0 = Debug|Any CPU
		{1CAF8DA4-12F1-497A-93FB-FFFC984B8DEA}.Release|Any CPU.ActiveCfg = Release|Any CPU
		{1CAF8DA4-12F1-497A-93FB-FFFC984B8DEA}.Release|Any CPU.Build.0 = Release|Any CPU
		{15AD1345-984C-48ED-AF9A-2EAB44E5AA2B}.Debug|Any CPU.ActiveCfg = Debug|Any CPU
		{15AD1345-984C-48ED-AF9A-2EAB44E5AA2B}.Debug|Any CPU.Build.0 = Debug|Any CPU
		{15AD1345-984C-48ED-AF9A-2EAB44E5AA2B}.Release|Any CPU.ActiveCfg = Release|Any CPU
		{15AD1345-984C-48ED-AF9A-2EAB44E5AA2B}.Release|Any CPU.Build.0 = Release|Any CPU
	EndGlobalSection
	GlobalSection(SolutionProperties) = preSolution
		HideSolutionNode = FALSE
	EndGlobalSection
EndGlobal
