
Microsoft Visual Studio Solution File, Format Version 12.00
# Visual Studio 14
VisualStudioVersion = 14.0.25420.1
MinimumVisualStudioVersion = 10.0.40219.1
Project("{FAE04EC0-301F-11D3-BF4B-00C04F79EFBC}") = "SkillKeeper", "SkillKeeper\SkillKeeper.csproj", "{1CAF8DA4-12F1-497A-93FB-FFFC984B8DEA}"
EndProject
Project("{FAE04EC0-301F-11D3-BF4B-00C04F79EFBC}") = "Skills", "Skills\Skills.csproj", "{15AD1345-984C-48ED-AF9A-2EAB44E5AA2B}"
EndProject
Project("{FAE04EC0-301F-11D3-BF4B-00C04F79EFBC}") = "ChallongeApiWrapper", "ChallongeApiWrapper\ChallongeApiWrapper.csproj", "{BEC62B0A-47BA-4018-9EF8-A6B159AA11E4}"
EndProject
Project("{FAE04EC0-301F-11D3-BF4B-00C04F79EFBC}") = "SmashGGApiWrapper", "SmashGGApiWrapper\SmashGGApiWrapper.csproj", "{576E23EB-1031-41E8-B70A-111DA13BA556}"
EndProject
Global
	GlobalSection(SolutionConfigurationPlatforms) = preSolution
		Debug|Any CPU = Debug|Any CPU
		Release|Any CPU = Release|Any CPU
	EndGlobalSection
	GlobalSection(ProjectConfigurationPlatforms) = postSolution
		{1CAF8DA4-12F1-497A-93FB-FFFC984B8DEA}.Debug|Any CPU.ActiveCfg = Debug|Any CPU
		{1CAF8DA4-12F1-497A-93FB-FFFC984B8DEA}.Debug|Any CPU.Build.0 = Debug|Any CPU
		{1CAF8DA4-12F1-497A-93FB-FFFC984B8DEA}.Release|Any CPU.ActiveCfg = Release|Any CPU
		{1CAF8DA4-12F1-497A-93FB-FFFC984B8DEA}.Release|Any CPU.Build.0 = Release|Any CPU
		{15AD1345-984C-48ED-AF9A-2EAB44E5AA2B}.Debug|Any CPU.ActiveCfg = Debug|Any CPU
		{15AD1345-984C-48ED-AF9A-2EAB44E5AA2B}.Debug|Any CPU.Build.0 = Debug|Any CPU
		{15AD1345-984C-48ED-AF9A-2EAB44E5AA2B}.Release|Any CPU.ActiveCfg = Release|Any CPU
		{15AD1345-984C-48ED-AF9A-2EAB44E5AA2B}.Release|Any CPU.Build.0 = Release|Any CPU
		{BEC62B0A-47BA-4018-9EF8-A6B159AA11E4}.Debug|Any CPU.ActiveCfg = Debug|Any CPU
		{BEC62B0A-47BA-4018-9EF8-A6B159AA11E4}.Debug|Any CPU.Build.0 = Debug|Any CPU
		{BEC62B0A-47BA-4018-9EF8-A6B159AA11E4}.Release|Any CPU.ActiveCfg = Release|Any CPU
		{BEC62B0A-47BA-4018-9EF8-A6B159AA11E4}.Release|Any CPU.Build.0 = Release|Any CPU
		{576E23EB-1031-41E8-B70A-111DA13BA556}.Debug|Any CPU.ActiveCfg = Debug|Any CPU
		{576E23EB-1031-41E8-B70A-111DA13BA556}.Debug|Any CPU.Build.0 = Debug|Any CPU
		{576E23EB-1031-41E8-B70A-111DA13BA556}.Release|Any CPU.ActiveCfg = Release|Any CPU
		{576E23EB-1031-41E8-B70A-111DA13BA556}.Release|Any CPU.Build.0 = Release|Any CPU
	EndGlobalSection
	GlobalSection(SolutionProperties) = preSolution
		HideSolutionNode = FALSE
	EndGlobalSection
EndGlobal
